
Microsoft Visual Studio Solution File, Format Version 10.00
# Visual Studio 2008
Project("{FAE04EC0-301F-11D3-BF4B-00C04F79EFBC}") = "SqlServerExport", "SqlServerExport.csproj", "{ACBED590-2168-4844-822D-12B52110D55F}"
EndProject
Global
	GlobalSection(SolutionConfigurationPlatforms) = preSolution
		Debug|Any CPU = Debug|Any CPU
		Release|Any CPU = Release|Any CPU
	EndGlobalSection
	GlobalSection(ProjectConfigurationPlatforms) = postSolution
		{ACBED590-2168-4844-822D-12B52110D55F}.Debug|Any CPU.ActiveCfg = Debug|Any CPU
		{ACBED590-2168-4844-822D-12B52110D55F}.Debug|Any CPU.Build.0 = Debug|Any CPU
		{ACBED590-2168-4844-822D-12B52110D55F}.Release|Any CPU.ActiveCfg = Release|Any CPU
		{ACBED590-2168-4844-822D-12B52110D55F}.Release|Any CPU.Build.0 = Release|Any CPU
	EndGlobalSection
	GlobalSection(SolutionProperties) = preSolution
		HideSolutionNode = FALSE
	EndGlobalSection
EndGlobal
